
Microsoft Visual Studio Solution File, Format Version 12.00
# Visual Studio 15
VisualStudioVersion = 15.0.28307.271
MinimumVisualStudioVersion = 10.0.40219.1
Project("{FAE04EC0-301F-11D3-BF4B-00C04F79EFBC}") = "ZR.Calculator", "ZR.Calculator\ZR.Calculator.csproj", "{C6524B72-59F3-4CA6-ACDE-5BC9FDF0B150}"
EndProject
Global
	GlobalSection(SolutionConfigurationPlatforms) = preSolution
		Debug|Any CPU = Debug|Any CPU
		Release|Any CPU = Release|Any CPU
	EndGlobalSection
	GlobalSection(ProjectConfigurationPlatforms) = postSolution
		{C6524B72-59F3-4CA6-ACDE-5BC9FDF0B150}.Debug|Any CPU.ActiveCfg = Debug|Any CPU
		{C6524B72-59F3-4CA6-ACDE-5BC9FDF0B150}.Debug|Any CPU.Build.0 = Debug|Any CPU
		{C6524B72-59F3-4CA6-ACDE-5BC9FDF0B150}.Release|Any CPU.ActiveCfg = Release|Any CPU
		{C6524B72-59F3-4CA6-ACDE-5BC9FDF0B150}.Release|Any CPU.Build.0 = Release|Any CPU
	EndGlobalSection
	GlobalSection(SolutionProperties) = preSolution
		HideSolutionNode = FALSE
	EndGlobalSection
	GlobalSection(ExtensibilityGlobals) = postSolution
		SolutionGuid = {50A2E3C1-BF56-4230-A080-B2EBEC1C2C06}
	EndGlobalSection
EndGlobal
